
Microsoft Visual Studio Solution File, Format Version 12.00
# Visual Studio Version 17
VisualStudioVersion = 17.11.35312.102
MinimumVisualStudioVersion = 10.0.40219.1
Project("{9A19103F-16F7-4668-BE54-9A1E7A4F7556}") = "MusicCatalog", "MusicCatalog.csproj", "{51427740-8E0C-44F5-958C-06A497983FB9}"
EndProject
Global
	GlobalSection(SolutionConfigurationPlatforms) = preSolution
		Debug|Any CPU = Debug|Any CPU
		Release|Any CPU = Release|Any CPU
	EndGlobalSection
	GlobalSection(ProjectConfigurationPlatforms) = postSolution
		{51427740-8E0C-44F5-958C-06A497983FB9}.Debug|Any CPU.ActiveCfg = Debug|Any CPU
		{51427740-8E0C-44F5-958C-06A497983FB9}.Debug|Any CPU.Build.0 = Debug|Any CPU
		{51427740-8E0C-44F5-958C-06A497983FB9}.Release|Any CPU.ActiveCfg = Release|Any CPU
		{51427740-8E0C-44F5-958C-06A497983FB9}.Release|Any CPU.Build.0 = Release|Any CPU
	EndGlobalSection
	GlobalSection(SolutionProperties) = preSolution
		HideSolutionNode = FALSE
	EndGlobalSection
	GlobalSection(ExtensibilityGlobals) = postSolution
		SolutionGuid = {B5CE9BF7-970B-4EFE-B43B-0E88166963BA}
	EndGlobalSection
EndGlobal
